
Microsoft Visual Studio Solution File, Format Version 12.00
# Visual Studio 15
VisualStudioVersion = 15.0.28010.2048
MinimumVisualStudioVersion = 10.0.40219.1
Project("{8BC9CEB8-8B4A-11D0-8D11-00A0C91BC942}") = "Bengi", "Bengi\Bengi.vcxproj", "{4A49431D-108C-46E4-8F11-20912BF35E18}"
EndProject
Project("{8BC9CEB8-8B4A-11D0-8D11-00A0C91BC942}") = "BengiTest", "BengiTest\BengiTest.vcxproj", "{2249CB8B-D3AA-45AB-9203-3CF9039D290A}"
EndProject
Project("{8BC9CEB8-8B4A-11D0-8D11-00A0C91BC942}") = "basm", "..\basm\basm\basm\basm.vcxproj", "{03881EEE-1DB6-4755-B3DC-998D5366BAB2}"
EndProject
Project("{8BC9CEB8-8B4A-11D0-8D11-00A0C91BC942}") = "BengiUnitTest", "BengiUnitTest\BengiUnitTest.vcxproj", "{D867E00E-6EAE-4408-B638-82167B1DC4EA}"
EndProject
Global
	GlobalSection(SolutionConfigurationPlatforms) = preSolution
		Debug|x64 = Debug|x64
		Debug|x86 = Debug|x86
		Release|x64 = Release|x64
		Release|x86 = Release|x86
	EndGlobalSection
	GlobalSection(ProjectConfigurationPlatforms) = postSolution
		{4A49431D-108C-46E4-8F11-20912BF35E18}.Debug|x64.ActiveCfg = Debug|x64
		{4A49431D-108C-46E4-8F11-20912BF35E18}.Debug|x64.Build.0 = Debug|x64
		{4A49431D-108C-46E4-8F11-20912BF35E18}.Debug|x86.ActiveCfg = Debug|Win32
		{4A49431D-108C-46E4-8F11-20912BF35E18}.Debug|x86.Build.0 = Debug|Win32
		{4A49431D-108C-46E4-8F11-20912BF35E18}.Release|x64.ActiveCfg = Release|x64
		{4A49431D-108C-46E4-8F11-20912BF35E18}.Release|x64.Build.0 = Release|x64
		{4A49431D-108C-46E4-8F11-20912BF35E18}.Release|x86.ActiveCfg = Release|Win32
		{4A49431D-108C-46E4-8F11-20912BF35E18}.Release|x86.Build.0 = Release|Win32
		{2249CB8B-D3AA-45AB-9203-3CF9039D290A}.Debug|x64.ActiveCfg = Debug|x64
		{2249CB8B-D3AA-45AB-9203-3CF9039D290A}.Debug|x64.Build.0 = Debug|x64
		{2249CB8B-D3AA-45AB-9203-3CF9039D290A}.Debug|x86.ActiveCfg = Debug|Win32
		{2249CB8B-D3AA-45AB-9203-3CF9039D290A}.Debug|x86.Build.0 = Debug|Win32
		{2249CB8B-D3AA-45AB-9203-3CF9039D290A}.Release|x64.ActiveCfg = Release|x64
		{2249CB8B-D3AA-45AB-9203-3CF9039D290A}.Release|x64.Build.0 = Release|x64
		{2249CB8B-D3AA-45AB-9203-3CF9039D290A}.Release|x86.ActiveCfg = Release|Win32
		{2249CB8B-D3AA-45AB-9203-3CF9039D290A}.Release|x86.Build.0 = Release|Win32
		{03881EEE-1DB6-4755-B3DC-998D5366BAB2}.Debug|x64.ActiveCfg = Debug|x64
		{03881EEE-1DB6-4755-B3DC-998D5366BAB2}.Debug|x64.Build.0 = Debug|x64
		{03881EEE-1DB6-4755-B3DC-998D5366BAB2}.Debug|x86.ActiveCfg = Debug|Win32
		{03881EEE-1DB6-4755-B3DC-998D5366BAB2}.Debug|x86.Build.0 = Debug|Win32
		{03881EEE-1DB6-4755-B3DC-998D5366BAB2}.Release|x64.ActiveCfg = Release|x64
		{03881EEE-1DB6-4755-B3DC-998D5366BAB2}.Release|x64.Build.0 = Release|x64
		{03881EEE-1DB6-4755-B3DC-998D5366BAB2}.Release|x86.ActiveCfg = Release|Win32
		{03881EEE-1DB6-4755-B3DC-998D5366BAB2}.Release|x86.Build.0 = Release|Win32
		{D867E00E-6EAE-4408-B638-82167B1DC4EA}.Debug|x64.ActiveCfg = Debug|x64
		{D867E00E-6EAE-4408-B638-82167B1DC4EA}.Debug|x64.Build.0 = Debug|x64
		{D867E00E-6EAE-4408-B638-82167B1DC4EA}.Debug|x86.ActiveCfg = Debug|Win32
		{D867E00E-6EAE-4408-B638-82167B1DC4EA}.Debug|x86.Build.0 = Debug|Win32
		{D867E00E-6EAE-4408-B638-82167B1DC4EA}.Release|x64.ActiveCfg = Release|x64
		{D867E00E-6EAE-4408-B638-82167B1DC4EA}.Release|x64.Build.0 = Release|x64
		{D867E00E-6EAE-4408-B638-82167B1DC4EA}.Release|x86.ActiveCfg = Release|Win32
		{D867E00E-6EAE-4408-B638-82167B1DC4EA}.Release|x86.Build.0 = Release|Win32
	EndGlobalSection
	GlobalSection(SolutionProperties) = preSolution
		HideSolutionNode = FALSE
	EndGlobalSection
	GlobalSection(ExtensibilityGlobals) = postSolution
		SolutionGuid = {AD4F0EC3-ED08-45F0-BEAA-554CEFD64ACB}
	EndGlobalSection
EndGlobal
